
Microsoft Visual Studio Solution File, Format Version 12.00
# Visual Studio Version 16
VisualStudioVersion = 16.0.29519.87
MinimumVisualStudioVersion = 10.0.40219.1
Project("{9A19103F-16F7-4668-BE54-9A1E7A4F7556}") = "FillUpPDFFormApp", "FillUpPDFFormApp\FillUpPDFFormApp.csproj", "{031461CF-22F7-4A47-ABBB-16B4DE0A9562}"
EndProject
Project("{9A19103F-16F7-4668-BE54-9A1E7A4F7556}") = "PostulationDatabankLibrary", "PostulationDatabankLibrary\PostulationDatabankLibrary.csproj", "{8D0CD715-9F36-47C6-AA3D-FBE6AFC6D6F8}"
EndProject
Project("{9A19103F-16F7-4668-BE54-9A1E7A4F7556}") = "FillUpPDFUserControlLibrary", "FillUpPDF_WpfUserControlLibrary\FillUpPDFUserControlLibrary.csproj", "{6064779F-73B9-4134-BDBA-17785407AA21}"
EndProject
Project("{9A19103F-16F7-4668-BE54-9A1E7A4F7556}") = "ActiveDeskRoboSet", "ActiveDeskRoboSet\ActiveDeskRoboSet.csproj", "{E245EA29-2FCE-46C6-89D1-55256656E86B}"
EndProject
Global
	GlobalSection(SolutionConfigurationPlatforms) = preSolution
		Debug|Any CPU = Debug|Any CPU
		Release|Any CPU = Release|Any CPU
	EndGlobalSection
	GlobalSection(ProjectConfigurationPlatforms) = postSolution
		{031461CF-22F7-4A47-ABBB-16B4DE0A9562}.Debug|Any CPU.ActiveCfg = Debug|Any CPU
		{031461CF-22F7-4A47-ABBB-16B4DE0A9562}.Debug|Any CPU.Build.0 = Debug|Any CPU
		{031461CF-22F7-4A47-ABBB-16B4DE0A9562}.Release|Any CPU.ActiveCfg = Release|Any CPU
		{031461CF-22F7-4A47-ABBB-16B4DE0A9562}.Release|Any CPU.Build.0 = Release|Any CPU
		{8D0CD715-9F36-47C6-AA3D-FBE6AFC6D6F8}.Debug|Any CPU.ActiveCfg = Debug|Any CPU
		{8D0CD715-9F36-47C6-AA3D-FBE6AFC6D6F8}.Debug|Any CPU.Build.0 = Debug|Any CPU
		{8D0CD715-9F36-47C6-AA3D-FBE6AFC6D6F8}.Release|Any CPU.ActiveCfg = Release|Any CPU
		{8D0CD715-9F36-47C6-AA3D-FBE6AFC6D6F8}.Release|Any CPU.Build.0 = Release|Any CPU
		{6064779F-73B9-4134-BDBA-17785407AA21}.Debug|Any CPU.ActiveCfg = Debug|Any CPU
		{6064779F-73B9-4134-BDBA-17785407AA21}.Debug|Any CPU.Build.0 = Debug|Any CPU
		{6064779F-73B9-4134-BDBA-17785407AA21}.Release|Any CPU.ActiveCfg = Release|Any CPU
		{6064779F-73B9-4134-BDBA-17785407AA21}.Release|Any CPU.Build.0 = Release|Any CPU
		{E245EA29-2FCE-46C6-89D1-55256656E86B}.Debug|Any CPU.ActiveCfg = Debug|Any CPU
		{E245EA29-2FCE-46C6-89D1-55256656E86B}.Debug|Any CPU.Build.0 = Debug|Any CPU
		{E245EA29-2FCE-46C6-89D1-55256656E86B}.Release|Any CPU.ActiveCfg = Release|Any CPU
		{E245EA29-2FCE-46C6-89D1-55256656E86B}.Release|Any CPU.Build.0 = Release|Any CPU
	EndGlobalSection
	GlobalSection(SolutionProperties) = preSolution
		HideSolutionNode = FALSE
	EndGlobalSection
	GlobalSection(ExtensibilityGlobals) = postSolution
		SolutionGuid = {0FB7BE9C-CE24-4131-8E35-566CCF83246B}
	EndGlobalSection
EndGlobal
